
Microsoft Visual Studio Solution File, Format Version 12.00
# Visual Studio Version 17
VisualStudioVersion = 17.0.32126.317
MinimumVisualStudioVersion = 10.0.40219.1
Project("{FAE04EC0-301F-11D3-BF4B-00C04F79EFBC}") = "More_DataTypes", "More_DataTypes\More_DataTypes.csproj", "{1AA4FFF8-A853-4242-A822-1F3B4497E429}"
EndProject
Global
	GlobalSection(SolutionConfigurationPlatforms) = preSolution
		Debug|Any CPU = Debug|Any CPU
		Release|Any CPU = Release|Any CPU
	EndGlobalSection
	GlobalSection(ProjectConfigurationPlatforms) = postSolution
		{1AA4FFF8-A853-4242-A822-1F3B4497E429}.Debug|Any CPU.ActiveCfg = Debug|Any CPU
		{1AA4FFF8-A853-4242-A822-1F3B4497E429}.Debug|Any CPU.Build.0 = Debug|Any CPU
		{1AA4FFF8-A853-4242-A822-1F3B4497E429}.Release|Any CPU.ActiveCfg = Release|Any CPU
		{1AA4FFF8-A853-4242-A822-1F3B4497E429}.Release|Any CPU.Build.0 = Release|Any CPU
	EndGlobalSection
	GlobalSection(SolutionProperties) = preSolution
		HideSolutionNode = FALSE
	EndGlobalSection
	GlobalSection(ExtensibilityGlobals) = postSolution
		SolutionGuid = {5A91E47D-34AD-4DC4-9BF6-BE83DA581449}
	EndGlobalSection
EndGlobal
